// !$*UTF8*$!
{
	archiveVersion = 1;
	classes = {
	};
	objectVersion = 56;
	objects = {

/* Begin PBXBuildFile section */
		540B60C42A28BE56002CFCBD /* iPolygon in Frameworks */ = {isa = PBXBuildFile; productRef = 540B60C32A28BE56002CFCBD /* iPolygon */; };
		540B60C72A29005D002CFCBD /* MonotoneScene.swift in Sources */ = {isa = PBXBuildFile; fileRef = 540B60C62A29005D002CFCBD /* MonotoneScene.swift */; };
		540B60C92A290071002CFCBD /* MonotoneSceneView.swift in Sources */ = {isa = PBXBuildFile; fileRef = 540B60C82A290071002CFCBD /* MonotoneSceneView.swift */; };
		540B60CB2A290223002CFCBD /* TriangleTestStore.swift in Sources */ = {isa = PBXBuildFile; fileRef = 540B60CA2A290223002CFCBD /* TriangleTestStore.swift */; };
		5424DC2F2A13619F00B5A816 /* PolygonDebugAppApp.swift in Sources */ = {isa = PBXBuildFile; fileRef = 5424DC2E2A13619F00B5A816 /* PolygonDebugAppApp.swift */; };
		5424DC312A13619F00B5A816 /* ContentView.swift in Sources */ = {isa = PBXBuildFile; fileRef = 5424DC302A13619F00B5A816 /* ContentView.swift */; };
		5424DC332A1361A100B5A816 /* Assets.xcassets in Resources */ = {isa = PBXBuildFile; fileRef = 5424DC322A1361A100B5A816 /* Assets.xcassets */; };
		5424DC372A1361A100B5A816 /* Preview Assets.xcassets in Resources */ = {isa = PBXBuildFile; fileRef = 5424DC362A1361A100B5A816 /* Preview Assets.xcassets */; };
		549739632A320DCB001D0AAC /* DelaunayScene.swift in Sources */ = {isa = PBXBuildFile; fileRef = 549739622A320DCB001D0AAC /* DelaunayScene.swift */; };
		549739652A320DD4001D0AAC /* DelaunaySceneView.swift in Sources */ = {isa = PBXBuildFile; fileRef = 549739642A320DD4001D0AAC /* DelaunaySceneView.swift */; };
		54B16D4E2A136F5600863187 /* ContentViewModel.swift in Sources */ = {isa = PBXBuildFile; fileRef = 54B16D4D2A136F5600863187 /* ContentViewModel.swift */; };
		54B16D542A136F9200863187 /* PinAreaScene.swift in Sources */ = {isa = PBXBuildFile; fileRef = 54B16D532A136F9200863187 /* PinAreaScene.swift */; };
		54B16D562A136F9E00863187 /* PinAreaSceneView.swift in Sources */ = {isa = PBXBuildFile; fileRef = 54B16D552A136F9E00863187 /* PinAreaSceneView.swift */; };
		54B16D582A136FAD00863187 /* IntersectScene.swift in Sources */ = {isa = PBXBuildFile; fileRef = 54B16D572A136FAD00863187 /* IntersectScene.swift */; };
		54B16D5A2A136FB700863187 /* IntersectSceneView.swift in Sources */ = {isa = PBXBuildFile; fileRef = 54B16D592A136FB700863187 /* IntersectSceneView.swift */; };
		54B16D5C2A1370D300863187 /* SceneContainer.swift in Sources */ = {isa = PBXBuildFile; fileRef = 54B16D5B2A1370D300863187 /* SceneContainer.swift */; };
		54B16D5F2A13757500863187 /* iDebug in Frameworks */ = {isa = PBXBuildFile; productRef = 54B16D5E2A13757500863187 /* iDebug */; };
		54B16D612A13757500863187 /* iFixFloat in Frameworks */ = {isa = PBXBuildFile; productRef = 54B16D602A13757500863187 /* iFixFloat */; };
		54B16D662A137A0E00863187 /* TestHandler.swift in Sources */ = {isa = PBXBuildFile; fileRef = 54B16D652A137A0E00863187 /* TestHandler.swift */; };
		54B16D682A137D7C00863187 /* PinTestStore.swift in Sources */ = {isa = PBXBuildFile; fileRef = 54B16D672A137D7C00863187 /* PinTestStore.swift */; };
		54B16D6C2A1383C200863187 /* PolygonData.swift in Sources */ = {isa = PBXBuildFile; fileRef = 54B16D6B2A1383C200863187 /* PolygonData.swift */; };
		54BBD99A2A3F4CAD0056E8CC /* FCWScene.swift in Sources */ = {isa = PBXBuildFile; fileRef = 54BBD9992A3F4CAD0056E8CC /* FCWScene.swift */; };
		54BBD99C2A3F4CB70056E8CC /* FCWSceneView.swift in Sources */ = {isa = PBXBuildFile; fileRef = 54BBD99B2A3F4CB70056E8CC /* FCWSceneView.swift */; };
		54BBD99E2A3F4D2D0056E8CC /* FCWTestStore.swift in Sources */ = {isa = PBXBuildFile; fileRef = 54BBD99D2A3F4D2D0056E8CC /* FCWTestStore.swift */; };
		54D57CA92A14D11C00D33409 /* PinDot.swift in Sources */ = {isa = PBXBuildFile; fileRef = 54D57CA82A14D11C00D33409 /* PinDot.swift */; };
		54E0E1CA2A1629E000A329D3 /* AreaScene.swift in Sources */ = {isa = PBXBuildFile; fileRef = 54E0E1C92A1629E000A329D3 /* AreaScene.swift */; };
		54E0E1CC2A1629EF00A329D3 /* AreaSceneView.swift in Sources */ = {isa = PBXBuildFile; fileRef = 54E0E1CB2A1629EF00A329D3 /* AreaSceneView.swift */; };
		54E0E1CE2A162B6B00A329D3 /* AreaTestStore.swift in Sources */ = {isa = PBXBuildFile; fileRef = 54E0E1CD2A162B6B00A329D3 /* AreaTestStore.swift */; };
		54E658832A2C9C8C00DE4D4F /* MPoly.swift in Sources */ = {isa = PBXBuildFile; fileRef = 54E658822A2C9C8C00DE4D4F /* MPoly.swift */; };
		54EC679D2A3CCA9200D07AC0 /* FixScene.swift in Sources */ = {isa = PBXBuildFile; fileRef = 54EC679C2A3CCA9200D07AC0 /* FixScene.swift */; };
		54EC679F2A3CCAA300D07AC0 /* FixSceneView.swift in Sources */ = {isa = PBXBuildFile; fileRef = 54EC679E2A3CCAA300D07AC0 /* FixSceneView.swift */; };
		54EC67A12A3CCD3300D07AC0 /* FixTestStore.swift in Sources */ = {isa = PBXBuildFile; fileRef = 54EC67A02A3CCD3300D07AC0 /* FixTestStore.swift */; };
		54F0A9C02A2A1A35000364F4 /* TVertex.swift in Sources */ = {isa = PBXBuildFile; fileRef = 54F0A9BF2A2A1A35000364F4 /* TVertex.swift */; };
		54F611512A18D0D900E6A18B /* PinScene.swift in Sources */ = {isa = PBXBuildFile; fileRef = 54F611502A18D0D900E6A18B /* PinScene.swift */; };
		54F611532A18D0E800E6A18B /* PinSceneView.swift in Sources */ = {isa = PBXBuildFile; fileRef = 54F611522A18D0E800E6A18B /* PinSceneView.swift */; };
		54F611552A18F10400E6A18B /* PinVector.swift in Sources */ = {isa = PBXBuildFile; fileRef = 54F611542A18F10400E6A18B /* PinVector.swift */; };
		54FA79CE2A35EAE800C48E74 /* DegenerateScene.swift in Sources */ = {isa = PBXBuildFile; fileRef = 54FA79CD2A35EAE800C48E74 /* DegenerateScene.swift */; };
		54FA79D02A35EAF200C48E74 /* DegenerateSceneView.swift in Sources */ = {isa = PBXBuildFile; fileRef = 54FA79CF2A35EAF200C48E74 /* DegenerateSceneView.swift */; };
		54FA79D22A35F0D100C48E74 /* DegenerateTestStore.swift in Sources */ = {isa = PBXBuildFile; fileRef = 54FA79D12A35F0D100C48E74 /* DegenerateTestStore.swift */; };
/* End PBXBuildFile section */

/* Begin PBXFileReference section */
		540B60C22A28BC6D002CFCBD /* iPolygon */ = {isa = PBXFileReference; lastKnownFileType = wrapper; name = iPolygon; path = ../iPolygon; sourceTree = "<group>"; };
		540B60C62A29005D002CFCBD /* MonotoneScene.swift */ = {isa = PBXFileReference; lastKnownFileType = sourcecode.swift; path = MonotoneScene.swift; sourceTree = "<group>"; };
		540B60C82A290071002CFCBD /* MonotoneSceneView.swift */ = {isa = PBXFileReference; lastKnownFileType = sourcecode.swift; path = MonotoneSceneView.swift; sourceTree = "<group>"; };
		540B60CA2A290223002CFCBD /* TriangleTestStore.swift */ = {isa = PBXFileReference; lastKnownFileType = sourcecode.swift; path = TriangleTestStore.swift; sourceTree = "<group>"; };
		5424DC2B2A13619F00B5A816 /* PolygonDebugApp.app */ = {isa = PBXFileReference; explicitFileType = wrapper.application; includeInIndex = 0; path = PolygonDebugApp.app; sourceTree = BUILT_PRODUCTS_DIR; };
		5424DC2E2A13619F00B5A816 /* PolygonDebugAppApp.swift */ = {isa = PBXFileReference; lastKnownFileType = sourcecode.swift; path = PolygonDebugAppApp.swift; sourceTree = "<group>"; };
		5424DC302A13619F00B5A816 /* ContentView.swift */ = {isa = PBXFileReference; lastKnownFileType = sourcecode.swift; path = ContentView.swift; sourceTree = "<group>"; };
		5424DC322A1361A100B5A816 /* Assets.xcassets */ = {isa = PBXFileReference; lastKnownFileType = folder.assetcatalog; path = Assets.xcassets; sourceTree = "<group>"; };
		5424DC342A1361A100B5A816 /* PolygonDebugApp.entitlements */ = {isa = PBXFileReference; lastKnownFileType = text.plist.entitlements; path = PolygonDebugApp.entitlements; sourceTree = "<group>"; };
		5424DC362A1361A100B5A816 /* Preview Assets.xcassets */ = {isa = PBXFileReference; lastKnownFileType = folder.assetcatalog; path = "Preview Assets.xcassets"; sourceTree = "<group>"; };
		549739622A320DCB001D0AAC /* DelaunayScene.swift */ = {isa = PBXFileReference; lastKnownFileType = sourcecode.swift; path = DelaunayScene.swift; sourceTree = "<group>"; };
		549739642A320DD4001D0AAC /* DelaunaySceneView.swift */ = {isa = PBXFileReference; lastKnownFileType = sourcecode.swift; path = DelaunaySceneView.swift; sourceTree = "<group>"; };
		54B16D4A2A136E2D00863187 /* iFixFloat */ = {isa = PBXFileReference; lastKnownFileType = wrapper; name = iFixFloat; path = ../iFixFloat; sourceTree = "<group>"; };
		54B16D4B2A136E3700863187 /* iDebug */ = {isa = PBXFileReference; lastKnownFileType = wrapper; name = iDebug; path = ../iDebug; sourceTree = "<group>"; };
		54B16D4D2A136F5600863187 /* ContentViewModel.swift */ = {isa = PBXFileReference; lastKnownFileType = sourcecode.swift; path = ContentViewModel.swift; sourceTree = "<group>"; };
		54B16D532A136F9200863187 /* PinAreaScene.swift */ = {isa = PBXFileReference; lastKnownFileType = sourcecode.swift; path = PinAreaScene.swift; sourceTree = "<group>"; };
		54B16D552A136F9E00863187 /* PinAreaSceneView.swift */ = {isa = PBXFileReference; lastKnownFileType = sourcecode.swift; path = PinAreaSceneView.swift; sourceTree = "<group>"; };
		54B16D572A136FAD00863187 /* IntersectScene.swift */ = {isa = PBXFileReference; lastKnownFileType = sourcecode.swift; path = IntersectScene.swift; sourceTree = "<group>"; };
		54B16D592A136FB700863187 /* IntersectSceneView.swift */ = {isa = PBXFileReference; lastKnownFileType = sourcecode.swift; path = IntersectSceneView.swift; sourceTree = "<group>"; };
		54B16D5B2A1370D300863187 /* SceneContainer.swift */ = {isa = PBXFileReference; lastKnownFileType = sourcecode.swift; path = SceneContainer.swift; sourceTree = "<group>"; };
		54B16D652A137A0E00863187 /* TestHandler.swift */ = {isa = PBXFileReference; lastKnownFileType = sourcecode.swift; path = TestHandler.swift; sourceTree = "<group>"; };
		54B16D672A137D7C00863187 /* PinTestStore.swift */ = {isa = PBXFileReference; lastKnownFileType = sourcecode.swift; path = PinTestStore.swift; sourceTree = "<group>"; };
		54B16D6B2A1383C200863187 /* PolygonData.swift */ = {isa = PBXFileReference; lastKnownFileType = sourcecode.swift; path = PolygonData.swift; sourceTree = "<group>"; };
		54BBD9992A3F4CAD0056E8CC /* FCWScene.swift */ = {isa = PBXFileReference; lastKnownFileType = sourcecode.swift; path = FCWScene.swift; sourceTree = "<group>"; };
		54BBD99B2A3F4CB70056E8CC /* FCWSceneView.swift */ = {isa = PBXFileReference; lastKnownFileType = sourcecode.swift; path = FCWSceneView.swift; sourceTree = "<group>"; };
		54BBD99D2A3F4D2D0056E8CC /* FCWTestStore.swift */ = {isa = PBXFileReference; lastKnownFileType = sourcecode.swift; path = FCWTestStore.swift; sourceTree = "<group>"; };
		54D57CA82A14D11C00D33409 /* PinDot.swift */ = {isa = PBXFileReference; lastKnownFileType = sourcecode.swift; path = PinDot.swift; sourceTree = "<group>"; };
		54E0E1C92A1629E000A329D3 /* AreaScene.swift */ = {isa = PBXFileReference; lastKnownFileType = sourcecode.swift; path = AreaScene.swift; sourceTree = "<group>"; };
		54E0E1CB2A1629EF00A329D3 /* AreaSceneView.swift */ = {isa = PBXFileReference; lastKnownFileType = sourcecode.swift; path = AreaSceneView.swift; sourceTree = "<group>"; };
		54E0E1CD2A162B6B00A329D3 /* AreaTestStore.swift */ = {isa = PBXFileReference; lastKnownFileType = sourcecode.swift; path = AreaTestStore.swift; sourceTree = "<group>"; };
		54E658822A2C9C8C00DE4D4F /* MPoly.swift */ = {isa = PBXFileReference; lastKnownFileType = sourcecode.swift; path = MPoly.swift; sourceTree = "<group>"; };
		54EC679C2A3CCA9200D07AC0 /* FixScene.swift */ = {isa = PBXFileReference; lastKnownFileType = sourcecode.swift; path = FixScene.swift; sourceTree = "<group>"; };
		54EC679E2A3CCAA300D07AC0 /* FixSceneView.swift */ = {isa = PBXFileReference; lastKnownFileType = sourcecode.swift; path = FixSceneView.swift; sourceTree = "<group>"; };
		54EC67A02A3CCD3300D07AC0 /* FixTestStore.swift */ = {isa = PBXFileReference; lastKnownFileType = sourcecode.swift; path = FixTestStore.swift; sourceTree = "<group>"; };
		54F0A9BF2A2A1A35000364F4 /* TVertex.swift */ = {isa = PBXFileReference; lastKnownFileType = sourcecode.swift; path = TVertex.swift; sourceTree = "<group>"; };
		54F611502A18D0D900E6A18B /* PinScene.swift */ = {isa = PBXFileReference; lastKnownFileType = sourcecode.swift; path = PinScene.swift; sourceTree = "<group>"; };
		54F611522A18D0E800E6A18B /* PinSceneView.swift */ = {isa = PBXFileReference; lastKnownFileType = sourcecode.swift; path = PinSceneView.swift; sourceTree = "<group>"; };
		54F611542A18F10400E6A18B /* PinVector.swift */ = {isa = PBXFileReference; lastKnownFileType = sourcecode.swift; path = PinVector.swift; sourceTree = "<group>"; };
		54FA79CD2A35EAE800C48E74 /* DegenerateScene.swift */ = {isa = PBXFileReference; lastKnownFileType = sourcecode.swift; path = DegenerateScene.swift; sourceTree = "<group>"; };
		54FA79CF2A35EAF200C48E74 /* DegenerateSceneView.swift */ = {isa = PBXFileReference; lastKnownFileType = sourcecode.swift; path = DegenerateSceneView.swift; sourceTree = "<group>"; };
		54FA79D12A35F0D100C48E74 /* DegenerateTestStore.swift */ = {isa = PBXFileReference; lastKnownFileType = sourcecode.swift; path = DegenerateTestStore.swift; sourceTree = "<group>"; };
/* End PBXFileReference section */

/* Begin PBXFrameworksBuildPhase section */
		5424DC282A13619F00B5A816 /* Frameworks */ = {
			isa = PBXFrameworksBuildPhase;
			buildActionMask = 2147483647;
			files = (
				54B16D5F2A13757500863187 /* iDebug in Frameworks */,
				54B16D612A13757500863187 /* iFixFloat in Frameworks */,
				540B60C42A28BE56002CFCBD /* iPolygon in Frameworks */,
			);
			runOnlyForDeploymentPostprocessing = 0;
		};
/* End PBXFrameworksBuildPhase section */

/* Begin PBXGroup section */
		540B60C52A29002D002CFCBD /* Monotone */ = {
			isa = PBXGroup;
			children = (
				540B60C62A29005D002CFCBD /* MonotoneScene.swift */,
				540B60C82A290071002CFCBD /* MonotoneSceneView.swift */,
				54F0A9BF2A2A1A35000364F4 /* TVertex.swift */,
				54E658822A2C9C8C00DE4D4F /* MPoly.swift */,
			);
			path = Monotone;
			sourceTree = "<group>";
		};
		5424DC222A13619F00B5A816 = {
			isa = PBXGroup;
			children = (
				54B16D492A136E2D00863187 /* Packages */,
				5424DC2D2A13619F00B5A816 /* PolygonDebugApp */,
				5424DC2C2A13619F00B5A816 /* Products */,
				54B16D5D2A13757500863187 /* Frameworks */,
			);
			sourceTree = "<group>";
		};
		5424DC2C2A13619F00B5A816 /* Products */ = {
			isa = PBXGroup;
			children = (
				5424DC2B2A13619F00B5A816 /* PolygonDebugApp.app */,
			);
			name = Products;
			sourceTree = "<group>";
		};
		5424DC2D2A13619F00B5A816 /* PolygonDebugApp */ = {
			isa = PBXGroup;
			children = (
				54B16D642A1376F800863187 /* Test */,
				54B16D4F2A136F5A00863187 /* Content */,
				5424DC2E2A13619F00B5A816 /* PolygonDebugAppApp.swift */,
				5424DC322A1361A100B5A816 /* Assets.xcassets */,
				5424DC342A1361A100B5A816 /* PolygonDebugApp.entitlements */,
				5424DC352A1361A100B5A816 /* Preview Content */,
			);
			path = PolygonDebugApp;
			sourceTree = "<group>";
		};
		5424DC352A1361A100B5A816 /* Preview Content */ = {
			isa = PBXGroup;
			children = (
				5424DC362A1361A100B5A816 /* Preview Assets.xcassets */,
			);
			path = "Preview Content";
			sourceTree = "<group>";
		};
		549739602A320D91001D0AAC /* Delaunay */ = {
			isa = PBXGroup;
			children = (
				549739622A320DCB001D0AAC /* DelaunayScene.swift */,
				549739642A320DD4001D0AAC /* DelaunaySceneView.swift */,
			);
			path = Delaunay;
			sourceTree = "<group>";
		};
		549739612A320D9D001D0AAC /* Data */ = {
			isa = PBXGroup;
			children = (
				54B16D672A137D7C00863187 /* PinTestStore.swift */,
				540B60CA2A290223002CFCBD /* TriangleTestStore.swift */,
				54E0E1CD2A162B6B00A329D3 /* AreaTestStore.swift */,
				54FA79D12A35F0D100C48E74 /* DegenerateTestStore.swift */,
				54EC67A02A3CCD3300D07AC0 /* FixTestStore.swift */,
				54BBD99D2A3F4D2D0056E8CC /* FCWTestStore.swift */,
			);
			path = Data;
			sourceTree = "<group>";
		};
		54B16D492A136E2D00863187 /* Packages */ = {
			isa = PBXGroup;
			children = (
				54B16D4A2A136E2D00863187 /* iFixFloat */,
				54B16D4B2A136E3700863187 /* iDebug */,
				540B60C22A28BC6D002CFCBD /* iPolygon */,
			);
			name = Packages;
			sourceTree = "<group>";
		};
		54B16D4F2A136F5A00863187 /* Content */ = {
			isa = PBXGroup;
			children = (
				549739612A320D9D001D0AAC /* Data */,
				54B16D502A136F7100863187 /* Scene */,
				5424DC302A13619F00B5A816 /* ContentView.swift */,
				54B16D4D2A136F5600863187 /* ContentViewModel.swift */,
			);
			path = Content;
			sourceTree = "<group>";
		};
		54B16D502A136F7100863187 /* Scene */ = {
			isa = PBXGroup;
			children = (
				54BBD9982A3F4C630056E8CC /* FirstClockWise */,
				54EC679B2A3CCA8100D07AC0 /* Fix */,
				54FA79CC2A35EAD400C48E74 /* Degenerate */,
				549739602A320D91001D0AAC /* Delaunay */,
				54E0E1C82A1629CA00A329D3 /* Area */,
				540B60C52A29002D002CFCBD /* Monotone */,
				54B16D522A136F7F00863187 /* Intersect */,
				54F6114F2A18D0C100E6A18B /* Pin */,
				54B16D512A136F7800863187 /* PinArea */,
				54B16D5B2A1370D300863187 /* SceneContainer.swift */,
			);
			path = Scene;
			sourceTree = "<group>";
		};
		54B16D512A136F7800863187 /* PinArea */ = {
			isa = PBXGroup;
			children = (
				54B16D532A136F9200863187 /* PinAreaScene.swift */,
				54B16D552A136F9E00863187 /* PinAreaSceneView.swift */,
				54D57CA82A14D11C00D33409 /* PinDot.swift */,
			);
			path = PinArea;
			sourceTree = "<group>";
		};
		54B16D522A136F7F00863187 /* Intersect */ = {
			isa = PBXGroup;
			children = (
				54B16D572A136FAD00863187 /* IntersectScene.swift */,
				54B16D592A136FB700863187 /* IntersectSceneView.swift */,
			);
			path = Intersect;
			sourceTree = "<group>";
		};
		54B16D5D2A13757500863187 /* Frameworks */ = {
			isa = PBXGroup;
			children = (
			);
			name = Frameworks;
			sourceTree = "<group>";
		};
		54B16D642A1376F800863187 /* Test */ = {
			isa = PBXGroup;
			children = (
				54B16D652A137A0E00863187 /* TestHandler.swift */,
				54B16D6B2A1383C200863187 /* PolygonData.swift */,
			);
			path = Test;
			sourceTree = "<group>";
		};
		54BBD9982A3F4C630056E8CC /* FirstClockWise */ = {
			isa = PBXGroup;
			children = (
				54BBD9992A3F4CAD0056E8CC /* FCWScene.swift */,
				54BBD99B2A3F4CB70056E8CC /* FCWSceneView.swift */,
			);
			path = FirstClockWise;
			sourceTree = "<group>";
		};
		54E0E1C82A1629CA00A329D3 /* Area */ = {
			isa = PBXGroup;
			children = (
				54E0E1C92A1629E000A329D3 /* AreaScene.swift */,
				54E0E1CB2A1629EF00A329D3 /* AreaSceneView.swift */,
			);
			path = Area;
			sourceTree = "<group>";
		};
		54EC679B2A3CCA8100D07AC0 /* Fix */ = {
			isa = PBXGroup;
			children = (
				54EC679C2A3CCA9200D07AC0 /* FixScene.swift */,
				54EC679E2A3CCAA300D07AC0 /* FixSceneView.swift */,
			);
			path = Fix;
			sourceTree = "<group>";
		};
		54F6114F2A18D0C100E6A18B /* Pin */ = {
			isa = PBXGroup;
			children = (
				54F611502A18D0D900E6A18B /* PinScene.swift */,
				54F611522A18D0E800E6A18B /* PinSceneView.swift */,
				54F611542A18F10400E6A18B /* PinVector.swift */,
			);
			path = Pin;
			sourceTree = "<group>";
		};
		54FA79CC2A35EAD400C48E74 /* Degenerate */ = {
			isa = PBXGroup;
			children = (
				54FA79CD2A35EAE800C48E74 /* DegenerateScene.swift */,
				54FA79CF2A35EAF200C48E74 /* DegenerateSceneView.swift */,
			);
			path = Degenerate;
			sourceTree = "<group>";
		};
/* End PBXGroup section */

/* Begin PBXNativeTarget section */
		5424DC2A2A13619F00B5A816 /* PolygonDebugApp */ = {
			isa = PBXNativeTarget;
			buildConfigurationList = 5424DC3A2A1361A100B5A816 /* Build configuration list for PBXNativeTarget "PolygonDebugApp" */;
			buildPhases = (
				5424DC272A13619F00B5A816 /* Sources */,
				5424DC282A13619F00B5A816 /* Frameworks */,
				5424DC292A13619F00B5A816 /* Resources */,
			);
			buildRules = (
			);
			dependencies = (
			);
			name = PolygonDebugApp;
			packageProductDependencies = (
				54B16D5E2A13757500863187 /* iDebug */,
				54B16D602A13757500863187 /* iFixFloat */,
				540B60C32A28BE56002CFCBD /* iPolygon */,
			);
			productName = PolygonDebugApp;
			productReference = 5424DC2B2A13619F00B5A816 /* PolygonDebugApp.app */;
			productType = "com.apple.product-type.application";
		};
/* End PBXNativeTarget section */

/* Begin PBXProject section */
		5424DC232A13619F00B5A816 /* Project object */ = {
			isa = PBXProject;
			attributes = {
				BuildIndependentTargetsInParallel = 1;
				LastSwiftUpdateCheck = 1430;
				LastUpgradeCheck = 1430;
				TargetAttributes = {
					5424DC2A2A13619F00B5A816 = {
						CreatedOnToolsVersion = 14.3;
					};
				};
			};
			buildConfigurationList = 5424DC262A13619F00B5A816 /* Build configuration list for PBXProject "PolygonDebugApp" */;
			compatibilityVersion = "Xcode 14.0";
			developmentRegion = en;
			hasScannedForEncodings = 0;
			knownRegions = (
				en,
				Base,
			);
			mainGroup = 5424DC222A13619F00B5A816;
			productRefGroup = 5424DC2C2A13619F00B5A816 /* Products */;
			projectDirPath = "";
			projectRoot = "";
			targets = (
				5424DC2A2A13619F00B5A816 /* PolygonDebugApp */,
			);
		};
/* End PBXProject section */

/* Begin PBXResourcesBuildPhase section */
		5424DC292A13619F00B5A816 /* Resources */ = {
			isa = PBXResourcesBuildPhase;
			buildActionMask = 2147483647;
			files = (
				5424DC372A1361A100B5A816 /* Preview Assets.xcassets in Resources */,
				5424DC332A1361A100B5A816 /* Assets.xcassets in Resources */,
			);
			runOnlyForDeploymentPostprocessing = 0;
		};
/* End PBXResourcesBuildPhase section */

/* Begin PBXSourcesBuildPhase section */
		5424DC272A13619F00B5A816 /* Sources */ = {
			isa = PBXSourcesBuildPhase;
			buildActionMask = 2147483647;
			files = (
				54E658832A2C9C8C00DE4D4F /* MPoly.swift in Sources */,
				54EC67A12A3CCD3300D07AC0 /* FixTestStore.swift in Sources */,
				54E0E1CC2A1629EF00A329D3 /* AreaSceneView.swift in Sources */,
				54B16D5C2A1370D300863187 /* SceneContainer.swift in Sources */,
				54B16D682A137D7C00863187 /* PinTestStore.swift in Sources */,
				54B16D582A136FAD00863187 /* IntersectScene.swift in Sources */,
				54E0E1CE2A162B6B00A329D3 /* AreaTestStore.swift in Sources */,
				54F611532A18D0E800E6A18B /* PinSceneView.swift in Sources */,
				54F611512A18D0D900E6A18B /* PinScene.swift in Sources */,
				54B16D662A137A0E00863187 /* TestHandler.swift in Sources */,
				5424DC312A13619F00B5A816 /* ContentView.swift in Sources */,
				54B16D5A2A136FB700863187 /* IntersectSceneView.swift in Sources */,
				5424DC2F2A13619F00B5A816 /* PolygonDebugAppApp.swift in Sources */,
				54D57CA92A14D11C00D33409 /* PinDot.swift in Sources */,
				54BBD99C2A3F4CB70056E8CC /* FCWSceneView.swift in Sources */,
				54B16D562A136F9E00863187 /* PinAreaSceneView.swift in Sources */,
				54F0A9C02A2A1A35000364F4 /* TVertex.swift in Sources */,
				549739632A320DCB001D0AAC /* DelaunayScene.swift in Sources */,
				540B60CB2A290223002CFCBD /* TriangleTestStore.swift in Sources */,
				54FA79D22A35F0D100C48E74 /* DegenerateTestStore.swift in Sources */,
				549739652A320DD4001D0AAC /* DelaunaySceneView.swift in Sources */,
				54F611552A18F10400E6A18B /* PinVector.swift in Sources */,
				540B60C72A29005D002CFCBD /* MonotoneScene.swift in Sources */,
				54B16D542A136F9200863187 /* PinAreaScene.swift in Sources */,
				54BBD99E2A3F4D2D0056E8CC /* FCWTestStore.swift in Sources */,
				54FA79D02A35EAF200C48E74 /* DegenerateSceneView.swift in Sources */,
				54B16D6C2A1383C200863187 /* PolygonData.swift in Sources */,
				54FA79CE2A35EAE800C48E74 /* DegenerateScene.swift in Sources */,
				54B16D4E2A136F5600863187 /* ContentViewModel.swift in Sources */,
				54BBD99A2A3F4CAD0056E8CC /* FCWScene.swift in Sources */,
				54EC679D2A3CCA9200D07AC0 /* FixScene.swift in Sources */,
				54E0E1CA2A1629E000A329D3 /* AreaScene.swift in Sources */,
				540B60C92A290071002CFCBD /* MonotoneSceneView.swift in Sources */,
				54EC679F2A3CCAA300D07AC0 /* FixSceneView.swift in Sources */,
			);
			runOnlyForDeploymentPostprocessing = 0;
		};
/* End PBXSourcesBuildPhase section */

/* Begin XCBuildConfiguration section */
		5424DC382A1361A100B5A816 /* Debug */ = {
			isa = XCBuildConfiguration;
			buildSettings = {
				ALWAYS_SEARCH_USER_PATHS = NO;
				CLANG_ANALYZER_NONNULL = YES;
				CLANG_ANALYZER_NUMBER_OBJECT_CONVERSION = YES_AGGRESSIVE;
				CLANG_CXX_LANGUAGE_STANDARD = "gnu++20";
				CLANG_ENABLE_MODULES = YES;
				CLANG_ENABLE_OBJC_ARC = YES;
				CLANG_ENABLE_OBJC_WEAK = YES;
				CLANG_WARN_BLOCK_CAPTURE_AUTORELEASING = YES;
				CLANG_WARN_BOOL_CONVERSION = YES;
				CLANG_WARN_COMMA = YES;
				CLANG_WARN_CONSTANT_CONVERSION = YES;
				CLANG_WARN_DEPRECATED_OBJC_IMPLEMENTATIONS = YES;
				CLANG_WARN_DIRECT_OBJC_ISA_USAGE = YES_ERROR;
				CLANG_WARN_DOCUMENTATION_COMMENTS = YES;
				CLANG_WARN_EMPTY_BODY = YES;
				CLANG_WARN_ENUM_CONVERSION = YES;
				CLANG_WARN_INFINITE_RECURSION = YES;
				CLANG_WARN_INT_CONVERSION = YES;
				CLANG_WARN_NON_LITERAL_NULL_CONVERSION = YES;
				CLANG_WARN_OBJC_IMPLICIT_RETAIN_SELF = YES;
				CLANG_WARN_OBJC_LITERAL_CONVERSION = YES;
				CLANG_WARN_OBJC_ROOT_CLASS = YES_ERROR;
				CLANG_WARN_QUOTED_INCLUDE_IN_FRAMEWORK_HEADER = YES;
				CLANG_WARN_RANGE_LOOP_ANALYSIS = YES;
				CLANG_WARN_STRICT_PROTOTYPES = YES;
				CLANG_WARN_SUSPICIOUS_MOVE = YES;
				CLANG_WARN_UNGUARDED_AVAILABILITY = YES_AGGRESSIVE;
				CLANG_WARN_UNREACHABLE_CODE = YES;
				CLANG_WARN__DUPLICATE_METHOD_MATCH = YES;
				COPY_PHASE_STRIP = NO;
				DEBUG_INFORMATION_FORMAT = dwarf;
				ENABLE_STRICT_OBJC_MSGSEND = YES;
				ENABLE_TESTABILITY = YES;
				GCC_C_LANGUAGE_STANDARD = gnu11;
				GCC_DYNAMIC_NO_PIC = NO;
				GCC_NO_COMMON_BLOCKS = YES;
				GCC_OPTIMIZATION_LEVEL = 0;
				GCC_PREPROCESSOR_DEFINITIONS = (
					"DEBUG=1",
					"$(inherited)",
				);
				GCC_WARN_64_TO_32_BIT_CONVERSION = YES;
				GCC_WARN_ABOUT_RETURN_TYPE = YES_ERROR;
				GCC_WARN_UNDECLARED_SELECTOR = YES;
				GCC_WARN_UNINITIALIZED_AUTOS = YES_AGGRESSIVE;
				GCC_WARN_UNUSED_FUNCTION = YES;
				GCC_WARN_UNUSED_VARIABLE = YES;
				MTL_ENABLE_DEBUG_INFO = INCLUDE_SOURCE;
				MTL_FAST_MATH = YES;
				ONLY_ACTIVE_ARCH = YES;
				SWIFT_ACTIVE_COMPILATION_CONDITIONS = DEBUG;
				SWIFT_OPTIMIZATION_LEVEL = "-Onone";
			};
			name = Debug;
		};
		5424DC392A1361A100B5A816 /* Release */ = {
			isa = XCBuildConfiguration;
			buildSettings = {
				ALWAYS_SEARCH_USER_PATHS = NO;
				CLANG_ANALYZER_NONNULL = YES;
				CLANG_ANALYZER_NUMBER_OBJECT_CONVERSION = YES_AGGRESSIVE;
				CLANG_CXX_LANGUAGE_STANDARD = "gnu++20";
				CLANG_ENABLE_MODULES = YES;
				CLANG_ENABLE_OBJC_ARC = YES;
				CLANG_ENABLE_OBJC_WEAK = YES;
				CLANG_WARN_BLOCK_CAPTURE_AUTORELEASING = YES;
				CLANG_WARN_BOOL_CONVERSION = YES;
				CLANG_WARN_COMMA = YES;
				CLANG_WARN_CONSTANT_CONVERSION = YES;
				CLANG_WARN_DEPRECATED_OBJC_IMPLEMENTATIONS = YES;
				CLANG_WARN_DIRECT_OBJC_ISA_USAGE = YES_ERROR;
				CLANG_WARN_DOCUMENTATION_COMMENTS = YES;
				CLANG_WARN_EMPTY_BODY = YES;
				CLANG_WARN_ENUM_CONVERSION = YES;
				CLANG_WARN_INFINITE_RECURSION = YES;
				CLANG_WARN_INT_CONVERSION = YES;
				CLANG_WARN_NON_LITERAL_NULL_CONVERSION = YES;
				CLANG_WARN_OBJC_IMPLICIT_RETAIN_SELF = YES;
				CLANG_WARN_OBJC_LITERAL_CONVERSION = YES;
				CLANG_WARN_OBJC_ROOT_CLASS = YES_ERROR;
				CLANG_WARN_QUOTED_INCLUDE_IN_FRAMEWORK_HEADER = YES;
				CLANG_WARN_RANGE_LOOP_ANALYSIS = YES;
				CLANG_WARN_STRICT_PROTOTYPES = YES;
				CLANG_WARN_SUSPICIOUS_MOVE = YES;
				CLANG_WARN_UNGUARDED_AVAILABILITY = YES_AGGRESSIVE;
				CLANG_WARN_UNREACHABLE_CODE = YES;
				CLANG_WARN__DUPLICATE_METHOD_MATCH = YES;
				COPY_PHASE_STRIP = NO;
				DEBUG_INFORMATION_FORMAT = "dwarf-with-dsym";
				ENABLE_NS_ASSERTIONS = NO;
				ENABLE_STRICT_OBJC_MSGSEND = YES;
				GCC_C_LANGUAGE_STANDARD = gnu11;
				GCC_NO_COMMON_BLOCKS = YES;
				GCC_WARN_64_TO_32_BIT_CONVERSION = YES;
				GCC_WARN_ABOUT_RETURN_TYPE = YES_ERROR;
				GCC_WARN_UNDECLARED_SELECTOR = YES;
				GCC_WARN_UNINITIALIZED_AUTOS = YES_AGGRESSIVE;
				GCC_WARN_UNUSED_FUNCTION = YES;
				GCC_WARN_UNUSED_VARIABLE = YES;
				MTL_ENABLE_DEBUG_INFO = NO;
				MTL_FAST_MATH = YES;
				SWIFT_COMPILATION_MODE = wholemodule;
				SWIFT_OPTIMIZATION_LEVEL = "-O";
			};
			name = Release;
		};
		5424DC3B2A1361A100B5A816 /* Debug */ = {
			isa = XCBuildConfiguration;
			buildSettings = {
				ASSETCATALOG_COMPILER_APPICON_NAME = AppIcon;
				ASSETCATALOG_COMPILER_GLOBAL_ACCENT_COLOR_NAME = AccentColor;
				CODE_SIGN_ENTITLEMENTS = PolygonDebugApp/PolygonDebugApp.entitlements;
				CODE_SIGN_STYLE = Automatic;
				CURRENT_PROJECT_VERSION = 1;
				DEVELOPMENT_ASSET_PATHS = "\"PolygonDebugApp/Preview Content\"";
				DEVELOPMENT_TEAM = HPV9E52JPX;
				ENABLE_HARDENED_RUNTIME = YES;
				ENABLE_PREVIEWS = YES;
				GENERATE_INFOPLIST_FILE = YES;
				"INFOPLIST_KEY_UIApplicationSceneManifest_Generation[sdk=iphoneos*]" = YES;
				"INFOPLIST_KEY_UIApplicationSceneManifest_Generation[sdk=iphonesimulator*]" = YES;
				"INFOPLIST_KEY_UIApplicationSupportsIndirectInputEvents[sdk=iphoneos*]" = YES;
				"INFOPLIST_KEY_UIApplicationSupportsIndirectInputEvents[sdk=iphonesimulator*]" = YES;
				"INFOPLIST_KEY_UILaunchScreen_Generation[sdk=iphoneos*]" = YES;
				"INFOPLIST_KEY_UILaunchScreen_Generation[sdk=iphonesimulator*]" = YES;
				"INFOPLIST_KEY_UIStatusBarStyle[sdk=iphoneos*]" = UIStatusBarStyleDefault;
				"INFOPLIST_KEY_UIStatusBarStyle[sdk=iphonesimulator*]" = UIStatusBarStyleDefault;
				INFOPLIST_KEY_UISupportedInterfaceOrientations_iPad = "UIInterfaceOrientationPortrait UIInterfaceOrientationPortraitUpsideDown UIInterfaceOrientationLandscapeLeft UIInterfaceOrientationLandscapeRight";
				INFOPLIST_KEY_UISupportedInterfaceOrientations_iPhone = "UIInterfaceOrientationPortrait UIInterfaceOrientationLandscapeLeft UIInterfaceOrientationLandscapeRight";
				IPHONEOS_DEPLOYMENT_TARGET = 16.4;
				LD_RUNPATH_SEARCH_PATHS = "@executable_path/Frameworks";
				"LD_RUNPATH_SEARCH_PATHS[sdk=macosx*]" = "@executable_path/../Frameworks";
				MACOSX_DEPLOYMENT_TARGET = 13.3;
				MARKETING_VERSION = 1.0;
				PRODUCT_BUNDLE_IDENTIFIER = com.nail.PolygonDebugApp;
				PRODUCT_NAME = "$(TARGET_NAME)";
				SDKROOT = auto;
				SUPPORTED_PLATFORMS = "iphoneos iphonesimulator macosx";
				SWIFT_EMIT_LOC_STRINGS = YES;
				SWIFT_VERSION = 5.0;
				TARGETED_DEVICE_FAMILY = "1,2";
			};
			name = Debug;
		};
		5424DC3C2A1361A100B5A816 /* Release */ = {
			isa = XCBuildConfiguration;
			buildSettings = {
				ASSETCATALOG_COMPILER_APPICON_NAME = AppIcon;
				ASSETCATALOG_COMPILER_GLOBAL_ACCENT_COLOR_NAME = AccentColor;
				CODE_SIGN_ENTITLEMENTS = PolygonDebugApp/PolygonDebugApp.entitlements;
				CODE_SIGN_STYLE = Automatic;
				CURRENT_PROJECT_VERSION = 1;
				DEVELOPMENT_ASSET_PATHS = "\"PolygonDebugApp/Preview Content\"";
				DEVELOPMENT_TEAM = HPV9E52JPX;
				ENABLE_HARDENED_RUNTIME = YES;
				ENABLE_PREVIEWS = YES;
				GENERATE_INFOPLIST_FILE = YES;
				"INFOPLIST_KEY_UIApplicationSceneManifest_Generation[sdk=iphoneos*]" = YES;
				"INFOPLIST_KEY_UIApplicationSceneManifest_Generation[sdk=iphonesimulator*]" = YES;
				"INFOPLIST_KEY_UIApplicationSupportsIndirectInputEvents[sdk=iphoneos*]" = YES;
				"INFOPLIST_KEY_UIApplicationSupportsIndirectInputEvents[sdk=iphonesimulator*]" = YES;
				"INFOPLIST_KEY_UILaunchScreen_Generation[sdk=iphoneos*]" = YES;
				"INFOPLIST_KEY_UILaunchScreen_Generation[sdk=iphonesimulator*]" = YES;
				"INFOPLIST_KEY_UIStatusBarStyle[sdk=iphoneos*]" = UIStatusBarStyleDefault;
				"INFOPLIST_KEY_UIStatusBarStyle[sdk=iphonesimulator*]" = UIStatusBarStyleDefault;
				INFOPLIST_KEY_UISupportedInterfaceOrientations_iPad = "UIInterfaceOrientationPortrait UIInterfaceOrientationPortraitUpsideDown UIInterfaceOrientationLandscapeLeft UIInterfaceOrientationLandscapeRight";
				INFOPLIST_KEY_UISupportedInterfaceOrientations_iPhone = "UIInterfaceOrientationPortrait UIInterfaceOrientationLandscapeLeft UIInterfaceOrientationLandscapeRight";
				IPHONEOS_DEPLOYMENT_TARGET = 16.4;
				LD_RUNPATH_SEARCH_PATHS = "@executable_path/Frameworks";
				"LD_RUNPATH_SEARCH_PATHS[sdk=macosx*]" = "@executable_path/../Frameworks";
				MACOSX_DEPLOYMENT_TARGET = 13.3;
				MARKETING_VERSION = 1.0;
				PRODUCT_BUNDLE_IDENTIFIER = com.nail.PolygonDebugApp;
				PRODUCT_NAME = "$(TARGET_NAME)";
				SDKROOT = auto;
				SUPPORTED_PLATFORMS = "iphoneos iphonesimulator macosx";
				SWIFT_EMIT_LOC_STRINGS = YES;
				SWIFT_VERSION = 5.0;
				TARGETED_DEVICE_FAMILY = "1,2";
			};
			name = Release;
		};
/* End XCBuildConfiguration section */

/* Begin XCConfigurationList section */
		5424DC262A13619F00B5A816 /* Build configuration list for PBXProject "PolygonDebugApp" */ = {
			isa = XCConfigurationList;
			buildConfigurations = (
				5424DC382A1361A100B5A816 /* Debug */,
				5424DC392A1361A100B5A816 /* Release */,
			);
			defaultConfigurationIsVisible = 0;
			defaultConfigurationName = Release;
		};
		5424DC3A2A1361A100B5A816 /* Build configuration list for PBXNativeTarget "PolygonDebugApp" */ = {
			isa = XCConfigurationList;
			buildConfigurations = (
				5424DC3B2A1361A100B5A816 /* Debug */,
				5424DC3C2A1361A100B5A816 /* Release */,
			);
			defaultConfigurationIsVisible = 0;
			defaultConfigurationName = Release;
		};
/* End XCConfigurationList section */

/* Begin XCSwiftPackageProductDependency section */
		540B60C32A28BE56002CFCBD /* iPolygon */ = {
			isa = XCSwiftPackageProductDependency;
			productName = iPolygon;
		};
		54B16D5E2A13757500863187 /* iDebug */ = {
			isa = XCSwiftPackageProductDependency;
			productName = iDebug;
		};
		54B16D602A13757500863187 /* iFixFloat */ = {
			isa = XCSwiftPackageProductDependency;
			productName = iFixFloat;
		};
/* End XCSwiftPackageProductDependency section */
	};
	rootObject = 5424DC232A13619F00B5A816 /* Project object */;
}
